
Microsoft Visual Studio Solution File, Format Version 12.00
# Visual Studio Version 17
VisualStudioVersion = 17.3.32819.101
MinimumVisualStudioVersion = 10.0.40219.1
Project("{F184B08F-C81C-45F6-A57F-5ABD9991F28F}") = "ConsoleApp1", "ConsoleApp1\ConsoleApp1.vbproj", "{12E31B24-B12A-441B-8BAD-A120E95D0BFF}"
EndProject
Global
	GlobalSection(SolutionConfigurationPlatforms) = preSolution
		Debug|Any CPU = Debug|Any CPU
		Release|Any CPU = Release|Any CPU
	EndGlobalSection
	GlobalSection(ProjectConfigurationPlatforms) = postSolution
		{12E31B24-B12A-441B-8BAD-A120E95D0BFF}.Debug|Any CPU.ActiveCfg = Debug|Any CPU
		{12E31B24-B12A-441B-8BAD-A120E95D0BFF}.Debug|Any CPU.Build.0 = Debug|Any CPU
		{12E31B24-B12A-441B-8BAD-A120E95D0BFF}.Release|Any CPU.ActiveCfg = Release|Any CPU
		{12E31B24-B12A-441B-8BAD-A120E95D0BFF}.Release|Any CPU.Build.0 = Release|Any CPU
	EndGlobalSection
	GlobalSection(SolutionProperties) = preSolution
		HideSolutionNode = FALSE
	EndGlobalSection
	GlobalSection(ExtensibilityGlobals) = postSolution
		SolutionGuid = {8C56A985-C77F-4401-AB0C-DAE2821FC562}
	EndGlobalSection
EndGlobal
